
Microsoft Visual Studio Solution File, Format Version 12.00
# Visual Studio Version 17
VisualStudioVersion = 17.11.35312.102
MinimumVisualStudioVersion = 10.0.40219.1
Project("{2150E333-8FDC-42A3-9474-1A3956D46DE8}") = "week-1", "week-1", "{A6555F1A-B1AA-4432-BEFA-4312196DC09E}"
EndProject
Project("{2150E333-8FDC-42A3-9474-1A3956D46DE8}") = "week-2", "week-2", "{EE8739D9-DF08-4912-B8A2-6C11174F84E9}"
EndProject
Project("{2150E333-8FDC-42A3-9474-1A3956D46DE8}") = "week-3", "week-3", "{4F12461F-C984-4C02-91F4-6C341330787E}"
EndProject
Project("{2150E333-8FDC-42A3-9474-1A3956D46DE8}") = "week-4", "week-4", "{91991023-A88C-4C94-81EC-F2163B40F27F}"
EndProject
Project("{2150E333-8FDC-42A3-9474-1A3956D46DE8}") = "week-5", "week-5", "{77F47478-0609-49A9-9595-DB1E1484FD7B}"
EndProject
Project("{2150E333-8FDC-42A3-9474-1A3956D46DE8}") = "week-6", "week-6", "{FA974D49-54AF-4DE0-9562-A0D0F353108B}"
EndProject
Project("{2150E333-8FDC-42A3-9474-1A3956D46DE8}") = "week-7", "week-7", "{4815CF74-65A6-4B6B-9F4A-54FF5E1DCF08}"
EndProject
Project("{2150E333-8FDC-42A3-9474-1A3956D46DE8}") = "week-8", "week-8", "{D5BF8E08-2401-4559-B3AC-FAEB9588103B}"
EndProject
Project("{2150E333-8FDC-42A3-9474-1A3956D46DE8}") = "week-9", "week-9", "{39C3DAE7-6AAD-4602-BC26-D0CDFCCF20E1}"
EndProject
Project("{9A19103F-16F7-4668-BE54-9A1E7A4F7556}") = "lab1", "lab1\lab1.csproj", "{8E4F4C11-6204-47BC-820A-18AA32DDAD9D}"
EndProject
Project("{9A19103F-16F7-4668-BE54-9A1E7A4F7556}") = "lab2", "lab2\lab2.csproj", "{87F01904-CBBD-4CF9-AD4E-EF837005CCE1}"
EndProject
Project("{9A19103F-16F7-4668-BE54-9A1E7A4F7556}") = "lab3", "lab3\lab3.csproj", "{BDBA0F1D-379E-436D-8E64-B7624114D783}"
EndProject
Project("{9A19103F-16F7-4668-BE54-9A1E7A4F7556}") = "lab4", "lab4\lab4.csproj", "{017C81E8-BA08-477D-A13F-F80EC944BFBF}"
EndProject
Project("{9A19103F-16F7-4668-BE54-9A1E7A4F7556}") = "lab5", "lab5\lab5.csproj", "{7C8BDD2C-A4FC-4B03-B8A7-AD6163851D96}"
EndProject
Project("{9A19103F-16F7-4668-BE54-9A1E7A4F7556}") = "lab6", "lab6\lab6.csproj", "{D0822CAF-A07F-4985-91DA-440AB7B0575F}"
EndProject
Project("{9A19103F-16F7-4668-BE54-9A1E7A4F7556}") = "lab7", "lab7\lab7.csproj", "{C654B4EF-0A5C-4974-842A-AF5ACD0E038A}"
EndProject
Project("{9A19103F-16F7-4668-BE54-9A1E7A4F7556}") = "lab8", "lab8\lab8.csproj", "{2CC0B5AB-7F1A-43A0-98B8-27868DE7FD53}"
EndProject
Project("{9A19103F-16F7-4668-BE54-9A1E7A4F7556}") = "lab9", "lab9\lab9.csproj", "{13A24C84-D906-44B6-92CD-4D88BF2B8F9A}"
EndProject
Project("{9A19103F-16F7-4668-BE54-9A1E7A4F7556}") = "Task4", "Task4\Task4.csproj", "{3A46202C-678B-4104-9469-82FD2CABF2B1}"
EndProject
Project("{9A19103F-16F7-4668-BE54-9A1E7A4F7556}") = "Task5", "Task5\Task5.csproj", "{DC64C15B-D1DD-4263-AEF4-462535DD3BB0}"
EndProject
Project("{9A19103F-16F7-4668-BE54-9A1E7A4F7556}") = "Task5(Descending)", "Task5(Descending)\Task5(Descending).csproj", "{A7A286A2-B46B-4023-8EFA-C409DF92503F}"
EndProject
Project("{9A19103F-16F7-4668-BE54-9A1E7A4F7556}") = "Task2", "Task2\Task2.csproj", "{78704E9E-0CE8-40AA-A098-E2C76DEEF39E}"
EndProject
Project("{9A19103F-16F7-4668-BE54-9A1E7A4F7556}") = "Task3", "Task3\Task3.csproj", "{BB6C17B9-72AA-4EC4-A1B0-C07C01724774}"
EndProject
Project("{9A19103F-16F7-4668-BE54-9A1E7A4F7556}") = "Task3(PowerCalc)", "Task3(PowerCalc)\Task3(PowerCalc).csproj", "{D0E10B8B-05B8-4FCE-A34B-590FCE55EACF}"
EndProject
Project("{9A19103F-16F7-4668-BE54-9A1E7A4F7556}") = "Task2_Exer3", "Task2_Exer3\Task2_Exer3.csproj", "{4601F780-046F-42C6-9C97-E994C9BD163B}"
EndProject
Project("{FAE04EC0-301F-11D3-BF4B-00C04F79EFBC}") = "Task3.1(Exercise3)", "Task3.1(Exercise3)\Task3.1(Exercise3).csproj", "{007C32E5-B9FE-4C91-A7BD-D926E829938A}"
EndProject
Project("{FAE04EC0-301F-11D3-BF4B-00C04F79EFBC}") = "Task3.2(Exercise3)", "Task3.2(Exercise3)\Task3.2(Exercise3).csproj", "{ACC39C28-E494-4278-A30D-105956A89F59}"
EndProject
Global
	GlobalSection(SolutionConfigurationPlatforms) = preSolution
		Debug|Any CPU = Debug|Any CPU
		Release|Any CPU = Release|Any CPU
	EndGlobalSection
	GlobalSection(ProjectConfigurationPlatforms) = postSolution
		{8E4F4C11-6204-47BC-820A-18AA32DDAD9D}.Debug|Any CPU.ActiveCfg = Debug|Any CPU
		{8E4F4C11-6204-47BC-820A-18AA32DDAD9D}.Debug|Any CPU.Build.0 = Debug|Any CPU
		{8E4F4C11-6204-47BC-820A-18AA32DDAD9D}.Release|Any CPU.ActiveCfg = Release|Any CPU
		{8E4F4C11-6204-47BC-820A-18AA32DDAD9D}.Release|Any CPU.Build.0 = Release|Any CPU
		{87F01904-CBBD-4CF9-AD4E-EF837005CCE1}.Debug|Any CPU.ActiveCfg = Debug|Any CPU
		{87F01904-CBBD-4CF9-AD4E-EF837005CCE1}.Debug|Any CPU.Build.0 = Debug|Any CPU
		{87F01904-CBBD-4CF9-AD4E-EF837005CCE1}.Release|Any CPU.ActiveCfg = Release|Any CPU
		{87F01904-CBBD-4CF9-AD4E-EF837005CCE1}.Release|Any CPU.Build.0 = Release|Any CPU
		{BDBA0F1D-379E-436D-8E64-B7624114D783}.Debug|Any CPU.ActiveCfg = Debug|Any CPU
		{BDBA0F1D-379E-436D-8E64-B7624114D783}.Debug|Any CPU.Build.0 = Debug|Any CPU
		{BDBA0F1D-379E-436D-8E64-B7624114D783}.Release|Any CPU.ActiveCfg = Release|Any CPU
		{BDBA0F1D-379E-436D-8E64-B7624114D783}.Release|Any CPU.Build.0 = Release|Any CPU
		{017C81E8-BA08-477D-A13F-F80EC944BFBF}.Debug|Any CPU.ActiveCfg = Debug|Any CPU
		{017C81E8-BA08-477D-A13F-F80EC944BFBF}.Debug|Any CPU.Build.0 = Debug|Any CPU
		{017C81E8-BA08-477D-A13F-F80EC944BFBF}.Release|Any CPU.ActiveCfg = Release|Any CPU
		{017C81E8-BA08-477D-A13F-F80EC944BFBF}.Release|Any CPU.Build.0 = Release|Any CPU
		{7C8BDD2C-A4FC-4B03-B8A7-AD6163851D96}.Debug|Any CPU.ActiveCfg = Debug|Any CPU
		{7C8BDD2C-A4FC-4B03-B8A7-AD6163851D96}.Debug|Any CPU.Build.0 = Debug|Any CPU
		{7C8BDD2C-A4FC-4B03-B8A7-AD6163851D96}.Release|Any CPU.ActiveCfg = Release|Any CPU
		{7C8BDD2C-A4FC-4B03-B8A7-AD6163851D96}.Release|Any CPU.Build.0 = Release|Any CPU
		{D0822CAF-A07F-4985-91DA-440AB7B0575F}.Debug|Any CPU.ActiveCfg = Debug|Any CPU
		{D0822CAF-A07F-4985-91DA-440AB7B0575F}.Debug|Any CPU.Build.0 = Debug|Any CPU
		{D0822CAF-A07F-4985-91DA-440AB7B0575F}.Release|Any CPU.ActiveCfg = Release|Any CPU
		{D0822CAF-A07F-4985-91DA-440AB7B0575F}.Release|Any CPU.Build.0 = Release|Any CPU
		{C654B4EF-0A5C-4974-842A-AF5ACD0E038A}.Debug|Any CPU.ActiveCfg = Debug|Any CPU
		{C654B4EF-0A5C-4974-842A-AF5ACD0E038A}.Debug|Any CPU.Build.0 = Debug|Any CPU
		{C654B4EF-0A5C-4974-842A-AF5ACD0E038A}.Release|Any CPU.ActiveCfg = Release|Any CPU
		{C654B4EF-0A5C-4974-842A-AF5ACD0E038A}.Release|Any CPU.Build.0 = Release|Any CPU
		{2CC0B5AB-7F1A-43A0-98B8-27868DE7FD53}.Debug|Any CPU.ActiveCfg = Debug|Any CPU
		{2CC0B5AB-7F1A-43A0-98B8-27868DE7FD53}.Debug|Any CPU.Build.0 = Debug|Any CPU
		{2CC0B5AB-7F1A-43A0-98B8-27868DE7FD53}.Release|Any CPU.ActiveCfg = Release|Any CPU
		{2CC0B5AB-7F1A-43A0-98B8-27868DE7FD53}.Release|Any CPU.Build.0 = Release|Any CPU
		{13A24C84-D906-44B6-92CD-4D88BF2B8F9A}.Debug|Any CPU.ActiveCfg = Debug|Any CPU
		{13A24C84-D906-44B6-92CD-4D88BF2B8F9A}.Debug|Any CPU.Build.0 = Debug|Any CPU
		{13A24C84-D906-44B6-92CD-4D88BF2B8F9A}.Release|Any CPU.ActiveCfg = Release|Any CPU
		{13A24C84-D906-44B6-92CD-4D88BF2B8F9A}.Release|Any CPU.Build.0 = Release|Any CPU
		{3A46202C-678B-4104-9469-82FD2CABF2B1}.Debug|Any CPU.ActiveCfg = Debug|Any CPU
		{3A46202C-678B-4104-9469-82FD2CABF2B1}.Debug|Any CPU.Build.0 = Debug|Any CPU
		{3A46202C-678B-4104-9469-82FD2CABF2B1}.Release|Any CPU.ActiveCfg = Release|Any CPU
		{3A46202C-678B-4104-9469-82FD2CABF2B1}.Release|Any CPU.Build.0 = Release|Any CPU
		{DC64C15B-D1DD-4263-AEF4-462535DD3BB0}.Debug|Any CPU.ActiveCfg = Debug|Any CPU
		{DC64C15B-D1DD-4263-AEF4-462535DD3BB0}.Debug|Any CPU.Build.0 = Debug|Any CPU
		{DC64C15B-D1DD-4263-AEF4-462535DD3BB0}.Release|Any CPU.ActiveCfg = Release|Any CPU
		{DC64C15B-D1DD-4263-AEF4-462535DD3BB0}.Release|Any CPU.Build.0 = Release|Any CPU
		{A7A286A2-B46B-4023-8EFA-C409DF92503F}.Debug|Any CPU.ActiveCfg = Debug|Any CPU
		{A7A286A2-B46B-4023-8EFA-C409DF92503F}.Debug|Any CPU.Build.0 = Debug|Any CPU
		{A7A286A2-B46B-4023-8EFA-C409DF92503F}.Release|Any CPU.ActiveCfg = Release|Any CPU
		{A7A286A2-B46B-4023-8EFA-C409DF92503F}.Release|Any CPU.Build.0 = Release|Any CPU
		{78704E9E-0CE8-40AA-A098-E2C76DEEF39E}.Debug|Any CPU.ActiveCfg = Debug|Any CPU
		{78704E9E-0CE8-40AA-A098-E2C76DEEF39E}.Debug|Any CPU.Build.0 = Debug|Any CPU
		{78704E9E-0CE8-40AA-A098-E2C76DEEF39E}.Release|Any CPU.ActiveCfg = Release|Any CPU
		{78704E9E-0CE8-40AA-A098-E2C76DEEF39E}.Release|Any CPU.Build.0 = Release|Any CPU
		{BB6C17B9-72AA-4EC4-A1B0-C07C01724774}.Debug|Any CPU.ActiveCfg = Debug|Any CPU
		{BB6C17B9-72AA-4EC4-A1B0-C07C01724774}.Debug|Any CPU.Build.0 = Debug|Any CPU
		{BB6C17B9-72AA-4EC4-A1B0-C07C01724774}.Release|Any CPU.ActiveCfg = Release|Any CPU
		{BB6C17B9-72AA-4EC4-A1B0-C07C01724774}.Release|Any CPU.Build.0 = Release|Any CPU
		{D0E10B8B-05B8-4FCE-A34B-590FCE55EACF}.Debug|Any CPU.ActiveCfg = Debug|Any CPU
		{D0E10B8B-05B8-4FCE-A34B-590FCE55EACF}.Debug|Any CPU.Build.0 = Debug|Any CPU
		{D0E10B8B-05B8-4FCE-A34B-590FCE55EACF}.Release|Any CPU.ActiveCfg = Release|Any CPU
		{D0E10B8B-05B8-4FCE-A34B-590FCE55EACF}.Release|Any CPU.Build.0 = Release|Any CPU
		{4601F780-046F-42C6-9C97-E994C9BD163B}.Debug|Any CPU.ActiveCfg = Debug|Any CPU
		{4601F780-046F-42C6-9C97-E994C9BD163B}.Debug|Any CPU.Build.0 = Debug|Any CPU
		{4601F780-046F-42C6-9C97-E994C9BD163B}.Release|Any CPU.ActiveCfg = Release|Any CPU
		{4601F780-046F-42C6-9C97-E994C9BD163B}.Release|Any CPU.Build.0 = Release|Any CPU
		{007C32E5-B9FE-4C91-A7BD-D926E829938A}.Debug|Any CPU.ActiveCfg = Debug|Any CPU
		{007C32E5-B9FE-4C91-A7BD-D926E829938A}.Debug|Any CPU.Build.0 = Debug|Any CPU
		{007C32E5-B9FE-4C91-A7BD-D926E829938A}.Release|Any CPU.ActiveCfg = Release|Any CPU
		{007C32E5-B9FE-4C91-A7BD-D926E829938A}.Release|Any CPU.Build.0 = Release|Any CPU
		{ACC39C28-E494-4278-A30D-105956A89F59}.Debug|Any CPU.ActiveCfg = Debug|Any CPU
		{ACC39C28-E494-4278-A30D-105956A89F59}.Debug|Any CPU.Build.0 = Debug|Any CPU
		{ACC39C28-E494-4278-A30D-105956A89F59}.Release|Any CPU.ActiveCfg = Release|Any CPU
		{ACC39C28-E494-4278-A30D-105956A89F59}.Release|Any CPU.Build.0 = Release|Any CPU
	EndGlobalSection
	GlobalSection(SolutionProperties) = preSolution
		HideSolutionNode = FALSE
	EndGlobalSection
	GlobalSection(NestedProjects) = preSolution
		{8E4F4C11-6204-47BC-820A-18AA32DDAD9D} = {A6555F1A-B1AA-4432-BEFA-4312196DC09E}
		{87F01904-CBBD-4CF9-AD4E-EF837005CCE1} = {EE8739D9-DF08-4912-B8A2-6C11174F84E9}
		{BDBA0F1D-379E-436D-8E64-B7624114D783} = {4F12461F-C984-4C02-91F4-6C341330787E}
		{017C81E8-BA08-477D-A13F-F80EC944BFBF} = {91991023-A88C-4C94-81EC-F2163B40F27F}
		{7C8BDD2C-A4FC-4B03-B8A7-AD6163851D96} = {77F47478-0609-49A9-9595-DB1E1484FD7B}
		{D0822CAF-A07F-4985-91DA-440AB7B0575F} = {FA974D49-54AF-4DE0-9562-A0D0F353108B}
		{C654B4EF-0A5C-4974-842A-AF5ACD0E038A} = {4815CF74-65A6-4B6B-9F4A-54FF5E1DCF08}
		{2CC0B5AB-7F1A-43A0-98B8-27868DE7FD53} = {D5BF8E08-2401-4559-B3AC-FAEB9588103B}
		{13A24C84-D906-44B6-92CD-4D88BF2B8F9A} = {39C3DAE7-6AAD-4602-BC26-D0CDFCCF20E1}
		{3A46202C-678B-4104-9469-82FD2CABF2B1} = {A6555F1A-B1AA-4432-BEFA-4312196DC09E}
		{DC64C15B-D1DD-4263-AEF4-462535DD3BB0} = {A6555F1A-B1AA-4432-BEFA-4312196DC09E}
		{A7A286A2-B46B-4023-8EFA-C409DF92503F} = {A6555F1A-B1AA-4432-BEFA-4312196DC09E}
		{78704E9E-0CE8-40AA-A098-E2C76DEEF39E} = {EE8739D9-DF08-4912-B8A2-6C11174F84E9}
		{BB6C17B9-72AA-4EC4-A1B0-C07C01724774} = {EE8739D9-DF08-4912-B8A2-6C11174F84E9}
		{D0E10B8B-05B8-4FCE-A34B-590FCE55EACF} = {EE8739D9-DF08-4912-B8A2-6C11174F84E9}
		{4601F780-046F-42C6-9C97-E994C9BD163B} = {4F12461F-C984-4C02-91F4-6C341330787E}
		{007C32E5-B9FE-4C91-A7BD-D926E829938A} = {4F12461F-C984-4C02-91F4-6C341330787E}
		{ACC39C28-E494-4278-A30D-105956A89F59} = {4F12461F-C984-4C02-91F4-6C341330787E}
	EndGlobalSection
	GlobalSection(ExtensibilityGlobals) = postSolution
		SolutionGuid = {3CACC9D6-DA0E-4BAF-B290-8F083C750B50}
	EndGlobalSection
EndGlobal
